
Microsoft Visual Studio Solution File, Format Version 12.00
# Visual Studio Version 16
VisualStudioVersion = 16.0.31025.194
MinimumVisualStudioVersion = 10.0.40219.1
Project("{FAE04EC0-301F-11D3-BF4B-00C04F79EFBC}") = "Projeto_DA_BooKids", "Projeto_DA_BooKids.csproj", "{46536209-3161-45B2-BACB-4000C584A6E2}"
EndProject
Global
	GlobalSection(SolutionConfigurationPlatforms) = preSolution
		Debug|Any CPU = Debug|Any CPU
		Release|Any CPU = Release|Any CPU
	EndGlobalSection
	GlobalSection(ProjectConfigurationPlatforms) = postSolution
		{46536209-3161-45B2-BACB-4000C584A6E2}.Debug|Any CPU.ActiveCfg = Debug|Any CPU
		{46536209-3161-45B2-BACB-4000C584A6E2}.Debug|Any CPU.Build.0 = Debug|Any CPU
		{46536209-3161-45B2-BACB-4000C584A6E2}.Release|Any CPU.ActiveCfg = Release|Any CPU
		{46536209-3161-45B2-BACB-4000C584A6E2}.Release|Any CPU.Build.0 = Release|Any CPU
	EndGlobalSection
	GlobalSection(SolutionProperties) = preSolution
		HideSolutionNode = FALSE
	EndGlobalSection
	GlobalSection(ExtensibilityGlobals) = postSolution
		SolutionGuid = {C25F806E-4749-4B15-B0FA-10832FC21139}
	EndGlobalSection
EndGlobal
